
Microsoft Visual Studio Solution File, Format Version 12.00
# Visual Studio Version 17
VisualStudioVersion = 17.12.35527.113 d17.12
MinimumVisualStudioVersion = 10.0.40219.1
Project("{FAE04EC0-301F-11D3-BF4B-00C04F79EFBC}") = "RagnarokHotKeyInWinforms", "RagnarokHotKeyInWinforms\RagnarokHotKeyInWinforms.csproj", "{CACD34BB-6391-42AB-B30C-73A5AD7E4BDF}"
EndProject
Global
	GlobalSection(SolutionConfigurationPlatforms) = preSolution
		Debug|Any CPU = Debug|Any CPU
		Release|Any CPU = Release|Any CPU
	EndGlobalSection
	GlobalSection(ProjectConfigurationPlatforms) = postSolution
		{CACD34BB-6391-42AB-B30C-73A5AD7E4BDF}.Debug|Any CPU.ActiveCfg = Debug|Any CPU
		{CACD34BB-6391-42AB-B30C-73A5AD7E4BDF}.Debug|Any CPU.Build.0 = Debug|Any CPU
		{CACD34BB-6391-42AB-B30C-73A5AD7E4BDF}.Release|Any CPU.ActiveCfg = Release|Any CPU
		{CACD34BB-6391-42AB-B30C-73A5AD7E4BDF}.Release|Any CPU.Build.0 = Release|Any CPU
	EndGlobalSection
	GlobalSection(SolutionProperties) = preSolution
		HideSolutionNode = FALSE
	EndGlobalSection
EndGlobal
