
Microsoft Visual Studio Solution File, Format Version 12.00
# Visual Studio Version 17
VisualStudioVersion = 17.12.35527.113
MinimumVisualStudioVersion = 10.0.40219.1
Project("{FAE04EC0-301F-11D3-BF4B-00C04F79EFBC}") = "Domain", "Domain\Domain.csproj", "{CEE8E2BA-3892-47D0-8770-77463F092A91}"
EndProject
Project("{FAE04EC0-301F-11D3-BF4B-00C04F79EFBC}") = "Infrustructure", "Infrustructure\Infrustructure.csproj", "{A754027E-840F-412D-80DD-1461BD8D98D7}"
EndProject
Project("{FAE04EC0-301F-11D3-BF4B-00C04F79EFBC}") = "ApplicationLayer", "ApplicationLayer\ApplicationLayer.csproj", "{81A20529-2D3B-44EF-AEE6-C0C538AFF16B}"
EndProject
Project("{FAE04EC0-301F-11D3-BF4B-00C04F79EFBC}") = "Tests", "Tests\Tests.csproj", "{1DF29058-9FCD-44DD-9B4D-A57BF778FCF5}"
EndProject
Global
	GlobalSection(SolutionConfigurationPlatforms) = preSolution
		Debug|Any CPU = Debug|Any CPU
		Release|Any CPU = Release|Any CPU
	EndGlobalSection
	GlobalSection(ProjectConfigurationPlatforms) = postSolution
		{CEE8E2BA-3892-47D0-8770-77463F092A91}.Debug|Any CPU.ActiveCfg = Debug|Any CPU
		{CEE8E2BA-3892-47D0-8770-77463F092A91}.Debug|Any CPU.Build.0 = Debug|Any CPU
		{CEE8E2BA-3892-47D0-8770-77463F092A91}.Release|Any CPU.ActiveCfg = Release|Any CPU
		{CEE8E2BA-3892-47D0-8770-77463F092A91}.Release|Any CPU.Build.0 = Release|Any CPU
		{A754027E-840F-412D-80DD-1461BD8D98D7}.Debug|Any CPU.ActiveCfg = Debug|Any CPU
		{A754027E-840F-412D-80DD-1461BD8D98D7}.Debug|Any CPU.Build.0 = Debug|Any CPU
		{A754027E-840F-412D-80DD-1461BD8D98D7}.Release|Any CPU.ActiveCfg = Release|Any CPU
		{A754027E-840F-412D-80DD-1461BD8D98D7}.Release|Any CPU.Build.0 = Release|Any CPU
		{81A20529-2D3B-44EF-AEE6-C0C538AFF16B}.Debug|Any CPU.ActiveCfg = Debug|Any CPU
		{81A20529-2D3B-44EF-AEE6-C0C538AFF16B}.Debug|Any CPU.Build.0 = Debug|Any CPU
		{81A20529-2D3B-44EF-AEE6-C0C538AFF16B}.Release|Any CPU.ActiveCfg = Release|Any CPU
		{81A20529-2D3B-44EF-AEE6-C0C538AFF16B}.Release|Any CPU.Build.0 = Release|Any CPU
		{1DF29058-9FCD-44DD-9B4D-A57BF778FCF5}.Debug|Any CPU.ActiveCfg = Debug|Any CPU
		{1DF29058-9FCD-44DD-9B4D-A57BF778FCF5}.Debug|Any CPU.Build.0 = Debug|Any CPU
		{1DF29058-9FCD-44DD-9B4D-A57BF778FCF5}.Release|Any CPU.ActiveCfg = Release|Any CPU
		{1DF29058-9FCD-44DD-9B4D-A57BF778FCF5}.Release|Any CPU.Build.0 = Release|Any CPU
	EndGlobalSection
	GlobalSection(SolutionProperties) = preSolution
		HideSolutionNode = FALSE
	EndGlobalSection
EndGlobal
